
Microsoft Visual Studio Solution File, Format Version 12.00
# Visual Studio Version 16
VisualStudioVersion = 16.0.31410.357
MinimumVisualStudioVersion = 10.0.40219.1
Project("{FAE04EC0-301F-11D3-BF4B-00C04F79EFBC}") = "Build A Creature", "Build A Creature\Build A Creature.csproj", "{62B84DD2-A8BD-4F06-BA7C-6896F873F20E}"
EndProject
Global
	GlobalSection(SolutionConfigurationPlatforms) = preSolution
		Debug|Any CPU = Debug|Any CPU
		Release|Any CPU = Release|Any CPU
	EndGlobalSection
	GlobalSection(ProjectConfigurationPlatforms) = postSolution
		{62B84DD2-A8BD-4F06-BA7C-6896F873F20E}.Debug|Any CPU.ActiveCfg = Debug|Any CPU
		{62B84DD2-A8BD-4F06-BA7C-6896F873F20E}.Debug|Any CPU.Build.0 = Debug|Any CPU
		{62B84DD2-A8BD-4F06-BA7C-6896F873F20E}.Release|Any CPU.ActiveCfg = Release|Any CPU
		{62B84DD2-A8BD-4F06-BA7C-6896F873F20E}.Release|Any CPU.Build.0 = Release|Any CPU
	EndGlobalSection
	GlobalSection(SolutionProperties) = preSolution
		HideSolutionNode = FALSE
	EndGlobalSection
	GlobalSection(ExtensibilityGlobals) = postSolution
		SolutionGuid = {D3763413-66FB-4345-AE44-28200BDDF05A}
	EndGlobalSection
EndGlobal
